// !$*UTF8*$!
{
	archiveVersion = 1;
	classes = {
	};
	objectVersion = 46;
	objects = {

/* Begin PBXBuildFile section */
		432910621DF2701500264D8F /* AppDelegate.swift in Sources */ = {isa = PBXBuildFile; fileRef = 432910611DF2701500264D8F /* AppDelegate.swift */; };
		432910641DF2701500264D8F /* ViewController.swift in Sources */ = {isa = PBXBuildFile; fileRef = 432910631DF2701500264D8F /* ViewController.swift */; };
		432910671DF2701500264D8F /* Main.storyboard in Resources */ = {isa = PBXBuildFile; fileRef = 432910651DF2701500264D8F /* Main.storyboard */; };
		432910691DF2701500264D8F /* Assets.xcassets in Resources */ = {isa = PBXBuildFile; fileRef = 432910681DF2701500264D8F /* Assets.xcassets */; };
		4329106C1DF2701500264D8F /* LaunchScreen.storyboard in Resources */ = {isa = PBXBuildFile; fileRef = 4329106A1DF2701500264D8F /* LaunchScreen.storyboard */; };
/* End PBXBuildFile section */

/* Begin PBXFileReference section */
		4329105E1DF2701500264D8F /* AppForGirlFriend.app */ = {isa = PBXFileReference; explicitFileType = wrapper.application; includeInIndex = 0; path = AppForGirlFriend.app; sourceTree = BUILT_PRODUCTS_DIR; };
		432910611DF2701500264D8F /* AppDelegate.swift */ = {isa = PBXFileReference; lastKnownFileType = sourcecode.swift; path = AppDelegate.swift; sourceTree = "<group>"; };
		432910631DF2701500264D8F /* ViewController.swift */ = {isa = PBXFileReference; lastKnownFileType = sourcecode.swift; path = ViewController.swift; sourceTree = "<group>"; };
		432910661DF2701500264D8F /* Base */ = {isa = PBXFileReference; lastKnownFileType = file.storyboard; name = Base; path = Base.lproj/Main.storyboard; sourceTree = "<group>"; };
		432910681DF2701500264D8F /* Assets.xcassets */ = {isa = PBXFileReference; lastKnownFileType = folder.assetcatalog; path = Assets.xcassets; sourceTree = "<group>"; };
		4329106B1DF2701500264D8F /* Base */ = {isa = PBXFileReference; lastKnownFileType = file.storyboard; name = Base; path = Base.lproj/LaunchScreen.storyboard; sourceTree = "<group>"; };
		4329106D1DF2701500264D8F /* Info.plist */ = {isa = PBXFileReference; lastKnownFileType = text.plist.xml; path = Info.plist; sourceTree = "<group>"; };
/* End PBXFileReference section */

/* Begin PBXFrameworksBuildPhase section */
		4329105B1DF2701400264D8F /* Frameworks */ = {
			isa = PBXFrameworksBuildPhase;
			buildActionMask = 2147483647;
			files = (
			);
			runOnlyForDeploymentPostprocessing = 0;
		};
/* End PBXFrameworksBuildPhase section */

/* Begin PBXGroup section */
		432910551DF2701400264D8F = {
			isa = PBXGroup;
			children = (
				432910601DF2701500264D8F /* AppForGirlFriend */,
				4329105F1DF2701500264D8F /* Products */,
			);
			sourceTree = "<group>";
		};
		4329105F1DF2701500264D8F /* Products */ = {
			isa = PBXGroup;
			children = (
				4329105E1DF2701500264D8F /* AppForGirlFriend.app */,
			);
			name = Products;
			sourceTree = "<group>";
		};
		432910601DF2701500264D8F /* AppForGirlFriend */ = {
			isa = PBXGroup;
			children = (
				432910611DF2701500264D8F /* AppDelegate.swift */,
				432910631DF2701500264D8F /* ViewController.swift */,
				432910651DF2701500264D8F /* Main.storyboard */,
				432910681DF2701500264D8F /* Assets.xcassets */,
				4329106A1DF2701500264D8F /* LaunchScreen.storyboard */,
				4329106D1DF2701500264D8F /* Info.plist */,
			);
			path = AppForGirlFriend;
			sourceTree = "<group>";
		};
/* End PBXGroup section */

/* Begin PBXNativeTarget section */
		4329105D1DF2701400264D8F /* AppForGirlFriend */ = {
			isa = PBXNativeTarget;
			buildConfigurationList = 432910701DF2701500264D8F /* Build configuration list for PBXNativeTarget "AppForGirlFriend" */;
			buildPhases = (
				4329105A1DF2701400264D8F /* Sources */,
				4329105B1DF2701400264D8F /* Frameworks */,
				4329105C1DF2701400264D8F /* Resources */,
			);
			buildRules = (
			);
			dependencies = (
			);
			name = AppForGirlFriend;
			productName = AppForGirlFriend;
			productReference = 4329105E1DF2701500264D8F /* AppForGirlFriend.app */;
			productType = "com.apple.product-type.application";
		};
/* End PBXNativeTarget section */

/* Begin PBXProject section */
		432910561DF2701400264D8F /* Project object */ = {
			isa = PBXProject;
			attributes = {
				LastSwiftUpdateCheck = 0800;
				LastUpgradeCheck = 0800;
				ORGANIZATIONNAME = "章斌斌";
				TargetAttributes = {
					4329105D1DF2701400264D8F = {
						CreatedOnToolsVersion = 8.0;
						DevelopmentTeam = 3NV9V924EQ;
						ProvisioningStyle = Automatic;
					};
				};
			};
			buildConfigurationList = 432910591DF2701400264D8F /* Build configuration list for PBXProject "AppForGirlFriend" */;
			compatibilityVersion = "Xcode 3.2";
			developmentRegion = English;
			hasScannedForEncodings = 0;
			knownRegions = (
				en,
				Base,
			);
			mainGroup = 432910551DF2701400264D8F;
			productRefGroup = 4329105F1DF2701500264D8F /* Products */;
			projectDirPath = "";
			projectRoot = "";
			targets = (
				4329105D1DF2701400264D8F /* AppForGirlFriend */,
			);
		};
/* End PBXProject section */

/* Begin PBXResourcesBuildPhase section */
		4329105C1DF2701400264D8F /* Resources */ = {
			isa = PBXResourcesBuildPhase;
			buildActionMask = 2147483647;
			files = (
				4329106C1DF2701500264D8F /* LaunchScreen.storyboard in Resources */,
				432910691DF2701500264D8F /* Assets.xcassets in Resources */,
				432910671DF2701500264D8F /* Main.storyboard in Resources */,
			);
			runOnlyForDeploymentPostprocessing = 0;
		};
/* End PBXResourcesBuildPhase section */

/* Begin PBXSourcesBuildPhase section */
		4329105A1DF2701400264D8F /* Sources */ = {
			isa = PBXSourcesBuildPhase;
			buildActionMask = 2147483647;
			files = (
				432910641DF2701500264D8F /* ViewController.swift in Sources */,
				432910621DF2701500264D8F /* AppDelegate.swift in Sources */,
			);
			runOnlyForDeploymentPostprocessing = 0;
		};
/* End PBXSourcesBuildPhase section */

/* Begin PBXVariantGroup section */
		432910651DF2701500264D8F /* Main.storyboard */ = {
			isa = PBXVariantGroup;
			children = (
				432910661DF2701500264D8F /* Base */,
			);
			name = Main.storyboard;
			sourceTree = "<group>";
		};
		4329106A1DF2701500264D8F /* LaunchScreen.storyboard */ = {
			isa = PBXVariantGroup;
			children = (
				4329106B1DF2701500264D8F /* Base */,
			);
			name = LaunchScreen.storyboard;
			sourceTree = "<group>";
		};
/* End PBXVariantGroup section */

/* Begin XCBuildConfiguration section */
		4329106E1DF2701500264D8F /* Debug */ = {
			isa = XCBuildConfiguration;
			buildSettings = {
				ALWAYS_SEARCH_USER_PATHS = NO;
				CLANG_ANALYZER_NONNULL = YES;
				CLANG_CXX_LANGUAGE_STANDARD = "gnu++0x";
				CLANG_CXX_LIBRARY = "libc++";
				CLANG_ENABLE_MODULES = YES;
				CLANG_ENABLE_OBJC_ARC = YES;
				CLANG_WARN_BOOL_CONVERSION = YES;
				CLANG_WARN_CONSTANT_CONVERSION = YES;
				CLANG_WARN_DIRECT_OBJC_ISA_USAGE = YES_ERROR;
				CLANG_WARN_DOCUMENTATION_COMMENTS = YES;
				CLANG_WARN_EMPTY_BODY = YES;
				CLANG_WARN_ENUM_CONVERSION = YES;
				CLANG_WARN_INFINITE_RECURSION = YES;
				CLANG_WARN_INT_CONVERSION = YES;
				CLANG_WARN_OBJC_ROOT_CLASS = YES_ERROR;
				CLANG_WARN_SUSPICIOUS_MOVES = YES;
				CLANG_WARN_UNREACHABLE_CODE = YES;
				CLANG_WARN__DUPLICATE_METHOD_MATCH = YES;
				"CODE_SIGN_IDENTITY[sdk=iphoneos*]" = "iPhone Developer";
				COPY_PHASE_STRIP = NO;
				DEBUG_INFORMATION_FORMAT = dwarf;
				ENABLE_STRICT_OBJC_MSGSEND = YES;
				ENABLE_TESTABILITY = YES;
				GCC_C_LANGUAGE_STANDARD = gnu99;
				GCC_DYNAMIC_NO_PIC = NO;
				GCC_NO_COMMON_BLOCKS = YES;
				GCC_OPTIMIZATION_LEVEL = 0;
				GCC_PREPROCESSOR_DEFINITIONS = (
					"DEBUG=1",
					"$(inherited)",
				);
				GCC_WARN_64_TO_32_BIT_CONVERSION = YES;
				GCC_WARN_ABOUT_RETURN_TYPE = YES_ERROR;
				GCC_WARN_UNDECLARED_SELECTOR = YES;
				GCC_WARN_UNINITIALIZED_AUTOS = YES_AGGRESSIVE;
				GCC_WARN_UNUSED_FUNCTION = YES;
				GCC_WARN_UNUSED_VARIABLE = YES;
				IPHONEOS_DEPLOYMENT_TARGET = 10.0;
				MTL_ENABLE_DEBUG_INFO = YES;
				ONLY_ACTIVE_ARCH = YES;
				SDKROOT = iphoneos;
				SWIFT_ACTIVE_COMPILATION_CONDITIONS = DEBUG;
				SWIFT_OPTIMIZATION_LEVEL = "-Onone";
				TARGETED_DEVICE_FAMILY = "1,2";
			};
			name = Debug;
		};
		4329106F1DF2701500264D8F /* Release */ = {
			isa = XCBuildConfiguration;
			buildSettings = {
				ALWAYS_SEARCH_USER_PATHS = NO;
				CLANG_ANALYZER_NONNULL = YES;
				CLANG_CXX_LANGUAGE_STANDARD = "gnu++0x";
				CLANG_CXX_LIBRARY = "libc++";
				CLANG_ENABLE_MODULES = YES;
				CLANG_ENABLE_OBJC_ARC = YES;
				CLANG_WARN_BOOL_CONVERSION = YES;
				CLANG_WARN_CONSTANT_CONVERSION = YES;
				CLANG_WARN_DIRECT_OBJC_ISA_USAGE = YES_ERROR;
				CLANG_WARN_DOCUMENTATION_COMMENTS = YES;
				CLANG_WARN_EMPTY_BODY = YES;
				CLANG_WARN_ENUM_CONVERSION = YES;
				CLANG_WARN_INFINITE_RECURSION = YES;
				CLANG_WARN_INT_CONVERSION = YES;
				CLANG_WARN_OBJC_ROOT_CLASS = YES_ERROR;
				CLANG_WARN_SUSPICIOUS_MOVES = YES;
				CLANG_WARN_UNREACHABLE_CODE = YES;
				CLANG_WARN__DUPLICATE_METHOD_MATCH = YES;
				"CODE_SIGN_IDENTITY[sdk=iphoneos*]" = "iPhone Developer";
				COPY_PHASE_STRIP = NO;
				DEBUG_INFORMATION_FORMAT = "dwarf-with-dsym";
				ENABLE_NS_ASSERTIONS = NO;
				ENABLE_STRICT_OBJC_MSGSEND = YES;
				GCC_C_LANGUAGE_STANDARD = gnu99;
				GCC_NO_COMMON_BLOCKS = YES;
				GCC_WARN_64_TO_32_BIT_CONVERSION = YES;
				GCC_WARN_ABOUT_RETURN_TYPE = YES_ERROR;
				GCC_WARN_UNDECLARED_SELECTOR = YES;
				GCC_WARN_UNINITIALIZED_AUTOS = YES_AGGRESSIVE;
				GCC_WARN_UNUSED_FUNCTION = YES;
				GCC_WARN_UNUSED_VARIABLE = YES;
				IPHONEOS_DEPLOYMENT_TARGET = 10.0;
				MTL_ENABLE_DEBUG_INFO = NO;
				SDKROOT = iphoneos;
				SWIFT_OPTIMIZATION_LEVEL = "-Owholemodule";
				TARGETED_DEVICE_FAMILY = "1,2";
				VALIDATE_PRODUCT = YES;
			};
			name = Release;
		};
		432910711DF2701500264D8F /* Debug */ = {
			isa = XCBuildConfiguration;
			buildSettings = {
				ASSETCATALOG_COMPILER_APPICON_NAME = AppIcon;
				DEVELOPMENT_TEAM = 3NV9V924EQ;
				INFOPLIST_FILE = AppForGirlFriend/Info.plist;
				IPHONEOS_DEPLOYMENT_TARGET = 9.3;
				LD_RUNPATH_SEARCH_PATHS = "$(inherited) @executable_path/Frameworks";
				PRODUCT_BUNDLE_IDENTIFIER = com.zhangbinbin.AppForGirlFriend;
				PRODUCT_NAME = "$(TARGET_NAME)";
				SWIFT_VERSION = 3.0;
			};
			name = Debug;
		};
		432910721DF2701500264D8F /* Release */ = {
			isa = XCBuildConfiguration;
			buildSettings = {
				ASSETCATALOG_COMPILER_APPICON_NAME = AppIcon;
				DEVELOPMENT_TEAM = 3NV9V924EQ;
				INFOPLIST_FILE = AppForGirlFriend/Info.plist;
				IPHONEOS_DEPLOYMENT_TARGET = 9.3;
				LD_RUNPATH_SEARCH_PATHS = "$(inherited) @executable_path/Frameworks";
				PRODUCT_BUNDLE_IDENTIFIER = com.zhangbinbin.AppForGirlFriend;
				PRODUCT_NAME = "$(TARGET_NAME)";
				SWIFT_VERSION = 3.0;
			};
			name = Release;
		};
/* End XCBuildConfiguration section */

/* Begin XCConfigurationList section */
		432910591DF2701400264D8F /* Build configuration list for PBXProject "AppForGirlFriend" */ = {
			isa = XCConfigurationList;
			buildConfigurations = (
				4329106E1DF2701500264D8F /* Debug */,
				4329106F1DF2701500264D8F /* Release */,
			);
			defaultConfigurationIsVisible = 0;
			defaultConfigurationName = Release;
		};
		432910701DF2701500264D8F /* Build configuration list for PBXNativeTarget "AppForGirlFriend" */ = {
			isa = XCConfigurationList;
			buildConfigurations = (
				432910711DF2701500264D8F /* Debug */,
				432910721DF2701500264D8F /* Release */,
			);
			defaultConfigurationIsVisible = 0;
			defaultConfigurationName = Release;
		};
/* End XCConfigurationList section */
	};
	rootObject = 432910561DF2701400264D8F /* Project object */;
}
